PODS:
  - battery_plus (1.0.0):
    - Flutter
  - Flutter (1.0.0)

DEPENDENCIES:
  - battery_plus (from `.symlinks/plugins/battery_plus/ios`)
  - Flutter (from `Flutter`)

EXTERNAL SOURCES:
  battery_plus:
    :path: ".symlinks/plugins/battery_plus/ios"
  Flutter:
    :path: Flutter

SPEC CHECKSUMS:
  battery_plus: 7851ab482c336dd101ae735dc9363f01e1223c7c
  Flutter: 434fef37c0980e73bb6479ef766c45957d4b510c

PODFILE CHECKSUM: 6de0643e7441252803d79e479d35155c5b8edcab

COCOAPODS: 1.10.1
